
Microsoft Visual Studio Solution File, Format Version 11.00
# Visual Studio 2010
Project("{FAE04EC0-301F-11D3-BF4B-00C04F79EFBC}") = "MendalForm", "MendalForm\MendalForm.csproj", "{283C32A2-3AD3-472E-B70D-AFB87A6C2B60}"
EndProject
Global
	GlobalSection(SolutionConfigurationPlatforms) = preSolution
		Debug|x86 = Debug|x86
		Release|x86 = Release|x86
	EndGlobalSection
	GlobalSection(ProjectConfigurationPlatforms) = postSolution
		{283C32A2-3AD3-472E-B70D-AFB87A6C2B60}.Debug|x86.ActiveCfg = Debug|x86
		{283C32A2-3AD3-472E-B70D-AFB87A6C2B60}.Debug|x86.Build.0 = Debug|x86
		{283C32A2-3AD3-472E-B70D-AFB87A6C2B60}.Release|x86.ActiveCfg = Release|x86
		{283C32A2-3AD3-472E-B70D-AFB87A6C2B60}.Release|x86.Build.0 = Release|x86
	EndGlobalSection
	GlobalSection(SolutionProperties) = preSolution
		HideSolutionNode = FALSE
	EndGlobalSection
EndGlobal
